
Microsoft Visual Studio Solution File, Format Version 12.00
# Visual Studio 15
Project("{FAE04EC0-301F-11D3-BF4B-00C04F79EFBC}") = "VRM10.Tests", "VRM10.Tests.csproj", "{219574C5-8409-5874-0536-A4768FD76A5C}"
EndProject
Project("{FAE04EC0-301F-11D3-BF4B-00C04F79EFBC}") = "VRMShaders.VRM10.MToon10.Runtime", "VRMShaders.VRM10.MToon10.Runtime.csproj", "{B525EDA0-AC7C-F09D-7BB2-7857F5D29725}"
EndProject
Project("{FAE04EC0-301F-11D3-BF4B-00C04F79EFBC}") = "UniHumanoid", "UniHumanoid.csproj", "{3E48E1BD-03ED-3223-BEE9-F762E2A8D0F5}"
EndProject
Project("{FAE04EC0-301F-11D3-BF4B-00C04F79EFBC}") = "VRMShaders.GLTF.IO.Runtime", "VRMShaders.GLTF.IO.Runtime.csproj", "{6B36895E-D6C1-9E5D-6A50-FDBDA9C8A556}"
EndProject
Project("{FAE04EC0-301F-11D3-BF4B-00C04F79EFBC}") = "VRM10.Editor", "VRM10.Editor.csproj", "{A96F914E-16E9-9E1A-7611-89AA86995997}"
EndProject
Project("{FAE04EC0-301F-11D3-BF4B-00C04F79EFBC}") = "UniGLTF", "UniGLTF.csproj", "{A31BE8F7-59C4-8AD7-7052-697A3A93B2F3}"
EndProject
Project("{FAE04EC0-301F-11D3-BF4B-00C04F79EFBC}") = "VRM10", "VRM10.csproj", "{713B52C2-6317-4609-33EC-005A234F32AC}"
EndProject
Project("{FAE04EC0-301F-11D3-BF4B-00C04F79EFBC}") = "VRMShaders.GLTF.UniUnlit.Editor", "VRMShaders.GLTF.UniUnlit.Editor.csproj", "{ED443E9A-9813-33FF-B7D8-AA663D75A422}"
EndProject
Project("{FAE04EC0-301F-11D3-BF4B-00C04F79EFBC}") = "UniGLTF.Tests", "UniGLTF.Tests.csproj", "{66C72689-10C8-2FF2-4F48-7E9844324E42}"
EndProject
Project("{FAE04EC0-301F-11D3-BF4B-00C04F79EFBC}") = "UniGLTF.Editor", "UniGLTF.Editor.csproj", "{E1D08690-969B-13A2-C248-89F9BFBA1204}"
EndProject
Project("{FAE04EC0-301F-11D3-BF4B-00C04F79EFBC}") = "VRMShaders.GLTF.IO.Editor", "VRMShaders.GLTF.IO.Editor.csproj", "{64E8881F-7167-A588-C7A7-E1942D545A85}"
EndProject
Project("{FAE04EC0-301F-11D3-BF4B-00C04F79EFBC}") = "FastSpringBone10", "FastSpringBone10.csproj", "{84A1D0C2-5BF3-45CA-820F-14457FC5DECB}"
EndProject
Project("{FAE04EC0-301F-11D3-BF4B-00C04F79EFBC}") = "VRMShaders.GLTF.IO.Tests", "VRMShaders.GLTF.IO.Tests.csproj", "{33845776-7C82-D8C8-C5CF-64D6D2CF19AF}"
EndProject
Project("{FAE04EC0-301F-11D3-BF4B-00C04F79EFBC}") = "VrmLib", "VrmLib.csproj", "{7A55AEB9-D043-5CDE-9D45-1BA0413F898C}"
EndProject
Project("{FAE04EC0-301F-11D3-BF4B-00C04F79EFBC}") = "UniHumanoid.Editor", "UniHumanoid.Editor.csproj", "{FA7273E1-2518-1036-0162-925CA8409D72}"
EndProject
Project("{FAE04EC0-301F-11D3-BF4B-00C04F79EFBC}") = "MToon", "MToon.csproj", "{874BA6F2-22D5-0CCF-A94E-910BEC39153F}"
EndProject
Project("{FAE04EC0-301F-11D3-BF4B-00C04F79EFBC}") = "Assembly-CSharp", "Assembly-CSharp.csproj", "{60984C7C-1D3D-DEB6-D461-8996A73AD9B4}"
EndProject
Project("{FAE04EC0-301F-11D3-BF4B-00C04F79EFBC}") = "VrmLibTests", "VrmLibTests.csproj", "{56DEA7A7-0922-6BF9-6D0E-12E6A9ABD89B}"
EndProject
Project("{FAE04EC0-301F-11D3-BF4B-00C04F79EFBC}") = "MToon.Editor", "MToon.Editor.csproj", "{79EEA83C-E239-4696-3082-3EF850F57B80}"
EndProject
Project("{FAE04EC0-301F-11D3-BF4B-00C04F79EFBC}") = "VRMShaders.VRM10.MToon10.Editor", "VRMShaders.VRM10.MToon10.Editor.csproj", "{A005F686-46A8-0DFF-B266-9650583BFB43}"
EndProject
Project("{FAE04EC0-301F-11D3-BF4B-00C04F79EFBC}") = "UniHumanoid.Editor.Tests", "UniHumanoid.Editor.Tests.csproj", "{500864B6-5A22-31AD-19A0-A55C04C4CA7F}"
EndProject
Project("{FAE04EC0-301F-11D3-BF4B-00C04F79EFBC}") = "UniGLTF.Utils", "UniGLTF.Utils.csproj", "{A5A7B423-A4F4-EBDA-2371-0994B8A960C0}"
EndProject
Project("{FAE04EC0-301F-11D3-BF4B-00C04F79EFBC}") = "VRMShaders.VRM.IO.Runtime", "VRMShaders.VRM.IO.Runtime.csproj", "{B51D3E7B-1B6E-74D4-AC45-FE4490316B52}"
EndProject
Project("{FAE04EC0-301F-11D3-BF4B-00C04F79EFBC}") = "VRMShaders.VRM10.Format.Runtime", "VRMShaders.VRM10.Format.Runtime.csproj", "{1E9ABA81-03A7-26E5-F90D-AD7DD75F0C84}"
EndProject
Project("{FAE04EC0-301F-11D3-BF4B-00C04F79EFBC}") = "VRMShaders.VRM10.MToon10.Tests", "VRMShaders.VRM10.MToon10.Tests.csproj", "{CF74F3C5-804A-9FC3-3CAC-C3AC134F30D3}"
EndProject
Project("{FAE04EC0-301F-11D3-BF4B-00C04F79EFBC}") = "VRMShaders.GLTF.UniUnlit.Runtime", "VRMShaders.GLTF.UniUnlit.Runtime.csproj", "{5BD1DC8B-3F48-8F63-5EA2-9986ED8C2C15}"
EndProject
Global
	GlobalSection(SolutionConfigurationPlatforms) = preSolution
		Debug|Any CPU = Debug|Any CPU
		Release|Any CPU = Release|Any CPU
	EndGlobalSection
	GlobalSection(ProjectConfigurationPlatforms) = postSolution
		{219574C5-8409-5874-0536-A4768FD76A5C}.Debug|Any CPU.ActiveCfg = Debug|Any CPU
		{219574C5-8409-5874-0536-A4768FD76A5C}.Debug|Any CPU.Build.0 = Debug|Any CPU
		{219574C5-8409-5874-0536-A4768FD76A5C}.Release|Any CPU.ActiveCfg = Release|Any CPU
		{219574C5-8409-5874-0536-A4768FD76A5C}.Release|Any CPU.Build.0 = Release|Any CPU
		{B525EDA0-AC7C-F09D-7BB2-7857F5D29725}.Debug|Any CPU.ActiveCfg = Debug|Any CPU
		{B525EDA0-AC7C-F09D-7BB2-7857F5D29725}.Debug|Any CPU.Build.0 = Debug|Any CPU
		{B525EDA0-AC7C-F09D-7BB2-7857F5D29725}.Release|Any CPU.ActiveCfg = Release|Any CPU
		{B525EDA0-AC7C-F09D-7BB2-7857F5D29725}.Release|Any CPU.Build.0 = Release|Any CPU
		{3E48E1BD-03ED-3223-BEE9-F762E2A8D0F5}.Debug|Any CPU.ActiveCfg = Debug|Any CPU
		{3E48E1BD-03ED-3223-BEE9-F762E2A8D0F5}.Debug|Any CPU.Build.0 = Debug|Any CPU
		{3E48E1BD-03ED-3223-BEE9-F762E2A8D0F5}.Release|Any CPU.ActiveCfg = Release|Any CPU
		{3E48E1BD-03ED-3223-BEE9-F762E2A8D0F5}.Release|Any CPU.Build.0 = Release|Any CPU
		{6B36895E-D6C1-9E5D-6A50-FDBDA9C8A556}.Debug|Any CPU.ActiveCfg = Debug|Any CPU
		{6B36895E-D6C1-9E5D-6A50-FDBDA9C8A556}.Debug|Any CPU.Build.0 = Debug|Any CPU
		{6B36895E-D6C1-9E5D-6A50-FDBDA9C8A556}.Release|Any CPU.ActiveCfg = Release|Any CPU
		{6B36895E-D6C1-9E5D-6A50-FDBDA9C8A556}.Release|Any CPU.Build.0 = Release|Any CPU
		{A96F914E-16E9-9E1A-7611-89AA86995997}.Debug|Any CPU.ActiveCfg = Debug|Any CPU
		{A96F914E-16E9-9E1A-7611-89AA86995997}.Debug|Any CPU.Build.0 = Debug|Any CPU
		{A96F914E-16E9-9E1A-7611-89AA86995997}.Release|Any CPU.ActiveCfg = Release|Any CPU
		{A96F914E-16E9-9E1A-7611-89AA86995997}.Release|Any CPU.Build.0 = Release|Any CPU
		{A31BE8F7-59C4-8AD7-7052-697A3A93B2F3}.Debug|Any CPU.ActiveCfg = Debug|Any CPU
		{A31BE8F7-59C4-8AD7-7052-697A3A93B2F3}.Debug|Any CPU.Build.0 = Debug|Any CPU
		{A31BE8F7-59C4-8AD7-7052-697A3A93B2F3}.Release|Any CPU.ActiveCfg = Release|Any CPU
		{A31BE8F7-59C4-8AD7-7052-697A3A93B2F3}.Release|Any CPU.Build.0 = Release|Any CPU
		{713B52C2-6317-4609-33EC-005A234F32AC}.Debug|Any CPU.ActiveCfg = Debug|Any CPU
		{713B52C2-6317-4609-33EC-005A234F32AC}.Debug|Any CPU.Build.0 = Debug|Any CPU
		{713B52C2-6317-4609-33EC-005A234F32AC}.Release|Any CPU.ActiveCfg = Release|Any CPU
		{713B52C2-6317-4609-33EC-005A234F32AC}.Release|Any CPU.Build.0 = Release|Any CPU
		{ED443E9A-9813-33FF-B7D8-AA663D75A422}.Debug|Any CPU.ActiveCfg = Debug|Any CPU
		{ED443E9A-9813-33FF-B7D8-AA663D75A422}.Debug|Any CPU.Build.0 = Debug|Any CPU
		{ED443E9A-9813-33FF-B7D8-AA663D75A422}.Release|Any CPU.ActiveCfg = Release|Any CPU
		{ED443E9A-9813-33FF-B7D8-AA663D75A422}.Release|Any CPU.Build.0 = Release|Any CPU
		{66C72689-10C8-2FF2-4F48-7E9844324E42}.Debug|Any CPU.ActiveCfg = Debug|Any CPU
		{66C72689-10C8-2FF2-4F48-7E9844324E42}.Debug|Any CPU.Build.0 = Debug|Any CPU
		{66C72689-10C8-2FF2-4F48-7E9844324E42}.Release|Any CPU.ActiveCfg = Release|Any CPU
		{66C72689-10C8-2FF2-4F48-7E9844324E42}.Release|Any CPU.Build.0 = Release|Any CPU
		{E1D08690-969B-13A2-C248-89F9BFBA1204}.Debug|Any CPU.ActiveCfg = Debug|Any CPU
		{E1D08690-969B-13A2-C248-89F9BFBA1204}.Debug|Any CPU.Build.0 = Debug|Any CPU
		{E1D08690-969B-13A2-C248-89F9BFBA1204}.Release|Any CPU.ActiveCfg = Release|Any CPU
		{E1D08690-969B-13A2-C248-89F9BFBA1204}.Release|Any CPU.Build.0 = Release|Any CPU
		{64E8881F-7167-A588-C7A7-E1942D545A85}.Debug|Any CPU.ActiveCfg = Debug|Any CPU
		{64E8881F-7167-A588-C7A7-E1942D545A85}.Debug|Any CPU.Build.0 = Debug|Any CPU
		{64E8881F-7167-A588-C7A7-E1942D545A85}.Release|Any CPU.ActiveCfg = Release|Any CPU
		{64E8881F-7167-A588-C7A7-E1942D545A85}.Release|Any CPU.Build.0 = Release|Any CPU
		{84A1D0C2-5BF3-45CA-820F-14457FC5DECB}.Debug|Any CPU.ActiveCfg = Debug|Any CPU
		{84A1D0C2-5BF3-45CA-820F-14457FC5DECB}.Debug|Any CPU.Build.0 = Debug|Any CPU
		{84A1D0C2-5BF3-45CA-820F-14457FC5DECB}.Release|Any CPU.ActiveCfg = Release|Any CPU
		{84A1D0C2-5BF3-45CA-820F-14457FC5DECB}.Release|Any CPU.Build.0 = Release|Any CPU
		{33845776-7C82-D8C8-C5CF-64D6D2CF19AF}.Debug|Any CPU.ActiveCfg = Debug|Any CPU
		{33845776-7C82-D8C8-C5CF-64D6D2CF19AF}.Debug|Any CPU.Build.0 = Debug|Any CPU
		{33845776-7C82-D8C8-C5CF-64D6D2CF19AF}.Release|Any CPU.ActiveCfg = Release|Any CPU
		{33845776-7C82-D8C8-C5CF-64D6D2CF19AF}.Release|Any CPU.Build.0 = Release|Any CPU
		{7A55AEB9-D043-5CDE-9D45-1BA0413F898C}.Debug|Any CPU.ActiveCfg = Debug|Any CPU
		{7A55AEB9-D043-5CDE-9D45-1BA0413F898C}.Debug|Any CPU.Build.0 = Debug|Any CPU
		{7A55AEB9-D043-5CDE-9D45-1BA0413F898C}.Release|Any CPU.ActiveCfg = Release|Any CPU
		{7A55AEB9-D043-5CDE-9D45-1BA0413F898C}.Release|Any CPU.Build.0 = Release|Any CPU
		{FA7273E1-2518-1036-0162-925CA8409D72}.Debug|Any CPU.ActiveCfg = Debug|Any CPU
		{FA7273E1-2518-1036-0162-925CA8409D72}.Debug|Any CPU.Build.0 = Debug|Any CPU
		{FA7273E1-2518-1036-0162-925CA8409D72}.Release|Any CPU.ActiveCfg = Release|Any CPU
		{FA7273E1-2518-1036-0162-925CA8409D72}.Release|Any CPU.Build.0 = Release|Any CPU
		{874BA6F2-22D5-0CCF-A94E-910BEC39153F}.Debug|Any CPU.ActiveCfg = Debug|Any CPU
		{874BA6F2-22D5-0CCF-A94E-910BEC39153F}.Debug|Any CPU.Build.0 = Debug|Any CPU
		{874BA6F2-22D5-0CCF-A94E-910BEC39153F}.Release|Any CPU.ActiveCfg = Release|Any CPU
		{874BA6F2-22D5-0CCF-A94E-910BEC39153F}.Release|Any CPU.Build.0 = Release|Any CPU
		{60984C7C-1D3D-DEB6-D461-8996A73AD9B4}.Debug|Any CPU.ActiveCfg = Debug|Any CPU
		{60984C7C-1D3D-DEB6-D461-8996A73AD9B4}.Debug|Any CPU.Build.0 = Debug|Any CPU
		{60984C7C-1D3D-DEB6-D461-8996A73AD9B4}.Release|Any CPU.ActiveCfg = Release|Any CPU
		{60984C7C-1D3D-DEB6-D461-8996A73AD9B4}.Release|Any CPU.Build.0 = Release|Any CPU
		{56DEA7A7-0922-6BF9-6D0E-12E6A9ABD89B}.Debug|Any CPU.ActiveCfg = Debug|Any CPU
		{56DEA7A7-0922-6BF9-6D0E-12E6A9ABD89B}.Debug|Any CPU.Build.0 = Debug|Any CPU
		{56DEA7A7-0922-6BF9-6D0E-12E6A9ABD89B}.Release|Any CPU.ActiveCfg = Release|Any CPU
		{56DEA7A7-0922-6BF9-6D0E-12E6A9ABD89B}.Release|Any CPU.Build.0 = Release|Any CPU
		{79EEA83C-E239-4696-3082-3EF850F57B80}.Debug|Any CPU.ActiveCfg = Debug|Any CPU
		{79EEA83C-E239-4696-3082-3EF850F57B80}.Debug|Any CPU.Build.0 = Debug|Any CPU
		{79EEA83C-E239-4696-3082-3EF850F57B80}.Release|Any CPU.ActiveCfg = Release|Any CPU
		{79EEA83C-E239-4696-3082-3EF850F57B80}.Release|Any CPU.Build.0 = Release|Any CPU
		{A005F686-46A8-0DFF-B266-9650583BFB43}.Debug|Any CPU.ActiveCfg = Debug|Any CPU
		{A005F686-46A8-0DFF-B266-9650583BFB43}.Debug|Any CPU.Build.0 = Debug|Any CPU
		{A005F686-46A8-0DFF-B266-9650583BFB43}.Release|Any CPU.ActiveCfg = Release|Any CPU
		{A005F686-46A8-0DFF-B266-9650583BFB43}.Release|Any CPU.Build.0 = Release|Any CPU
		{500864B6-5A22-31AD-19A0-A55C04C4CA7F}.Debug|Any CPU.ActiveCfg = Debug|Any CPU
		{500864B6-5A22-31AD-19A0-A55C04C4CA7F}.Debug|Any CPU.Build.0 = Debug|Any CPU
		{500864B6-5A22-31AD-19A0-A55C04C4CA7F}.Release|Any CPU.ActiveCfg = Release|Any CPU
		{500864B6-5A22-31AD-19A0-A55C04C4CA7F}.Release|Any CPU.Build.0 = Release|Any CPU
		{A5A7B423-A4F4-EBDA-2371-0994B8A960C0}.Debug|Any CPU.ActiveCfg = Debug|Any CPU
		{A5A7B423-A4F4-EBDA-2371-0994B8A960C0}.Debug|Any CPU.Build.0 = Debug|Any CPU
		{A5A7B423-A4F4-EBDA-2371-0994B8A960C0}.Release|Any CPU.ActiveCfg = Release|Any CPU
		{A5A7B423-A4F4-EBDA-2371-0994B8A960C0}.Release|Any CPU.Build.0 = Release|Any CPU
		{B51D3E7B-1B6E-74D4-AC45-FE4490316B52}.Debug|Any CPU.ActiveCfg = Debug|Any CPU
		{B51D3E7B-1B6E-74D4-AC45-FE4490316B52}.Debug|Any CPU.Build.0 = Debug|Any CPU
		{B51D3E7B-1B6E-74D4-AC45-FE4490316B52}.Release|Any CPU.ActiveCfg = Release|Any CPU
		{B51D3E7B-1B6E-74D4-AC45-FE4490316B52}.Release|Any CPU.Build.0 = Release|Any CPU
		{1E9ABA81-03A7-26E5-F90D-AD7DD75F0C84}.Debug|Any CPU.ActiveCfg = Debug|Any CPU
		{1E9ABA81-03A7-26E5-F90D-AD7DD75F0C84}.Debug|Any CPU.Build.0 = Debug|Any CPU
		{1E9ABA81-03A7-26E5-F90D-AD7DD75F0C84}.Release|Any CPU.ActiveCfg = Release|Any CPU
		{1E9ABA81-03A7-26E5-F90D-AD7DD75F0C84}.Release|Any CPU.Build.0 = Release|Any CPU
		{CF74F3C5-804A-9FC3-3CAC-C3AC134F30D3}.Debug|Any CPU.ActiveCfg = Debug|Any CPU
		{CF74F3C5-804A-9FC3-3CAC-C3AC134F30D3}.Debug|Any CPU.Build.0 = Debug|Any CPU
		{CF74F3C5-804A-9FC3-3CAC-C3AC134F30D3}.Release|Any CPU.ActiveCfg = Release|Any CPU
		{CF74F3C5-804A-9FC3-3CAC-C3AC134F30D3}.Release|Any CPU.Build.0 = Release|Any CPU
		{5BD1DC8B-3F48-8F63-5EA2-9986ED8C2C15}.Debug|Any CPU.ActiveCfg = Debug|Any CPU
		{5BD1DC8B-3F48-8F63-5EA2-9986ED8C2C15}.Debug|Any CPU.Build.0 = Debug|Any CPU
		{5BD1DC8B-3F48-8F63-5EA2-9986ED8C2C15}.Release|Any CPU.ActiveCfg = Release|Any CPU
		{5BD1DC8B-3F48-8F63-5EA2-9986ED8C2C15}.Release|Any CPU.Build.0 = Release|Any CPU
	EndGlobalSection
	GlobalSection(SolutionProperties) = preSolution
		HideSolutionNode = FALSE
	EndGlobalSection
EndGlobal
